
Microsoft Visual Studio Solution File, Format Version 12.00
# Visual Studio Version 17
VisualStudioVersion = 17.9.34622.214
MinimumVisualStudioVersion = 10.0.40219.1
Project("{FAE04EC0-301F-11D3-BF4B-00C04F79EFBC}") = "p4_projekt", "p4_projekt.csproj", "{F78FB2FF-E93B-4EA6-8187-38E453DCC25D}"
EndProject
Global
	GlobalSection(SolutionConfigurationPlatforms) = preSolution
		Debug|Any CPU = Debug|Any CPU
		Release|Any CPU = Release|Any CPU
	EndGlobalSection
	GlobalSection(ProjectConfigurationPlatforms) = postSolution
		{F78FB2FF-E93B-4EA6-8187-38E453DCC25D}.Debug|Any CPU.ActiveCfg = Debug|Any CPU
		{F78FB2FF-E93B-4EA6-8187-38E453DCC25D}.Debug|Any CPU.Build.0 = Debug|Any CPU
		{F78FB2FF-E93B-4EA6-8187-38E453DCC25D}.Release|Any CPU.ActiveCfg = Release|Any CPU
		{F78FB2FF-E93B-4EA6-8187-38E453DCC25D}.Release|Any CPU.Build.0 = Release|Any CPU
	EndGlobalSection
	GlobalSection(SolutionProperties) = preSolution
		HideSolutionNode = FALSE
	EndGlobalSection
	GlobalSection(ExtensibilityGlobals) = postSolution
		SolutionGuid = {6D357C69-2728-4A03-9D16-4DC3EA1E78C1}
	EndGlobalSection
EndGlobal
